
Microsoft Visual Studio Solution File, Format Version 12.00
# Visual Studio Version 16
VisualStudioVersion = 16.0.31624.102
MinimumVisualStudioVersion = 10.0.40219.1
Project("{9A19103F-16F7-4668-BE54-9A1E7A4F7556}") = "Guess the number", "Guess the number\Guess the number.csproj", "{0766FAC0-3728-48B7-899D-C022F96F40C0}"
EndProject
Project("{FAE04EC0-301F-11D3-BF4B-00C04F79EFBC}") = "SimpleCalculator", "SimpleCalculator\SimpleCalculator.csproj", "{A8A1B79C-9D0F-409C-A645-44810448840F}"
EndProject
Project("{9A19103F-16F7-4668-BE54-9A1E7A4F7556}") = "NameGenerator", "NameGenerator\NameGenerator.csproj", "{44854722-5339-4271-A988-A45B22217D32}"
EndProject
Project("{9A19103F-16F7-4668-BE54-9A1E7A4F7556}") = "Population", "Population\Population.csproj", "{DF789F74-D442-45AC-80EF-C9BDB1C7F28A}"
EndProject
Project("{9A19103F-16F7-4668-BE54-9A1E7A4F7556}") = "FightSymulator", "FightSymulator\FightSymulator.csproj", "{1EA05758-DE9A-427B-BD62-40215A259053}"
EndProject
Project("{FAE04EC0-301F-11D3-BF4B-00C04F79EFBC}") = "Colosseum", "Colosseum\Colosseum.csproj", "{E962C496-65DA-4B69-9842-88521AE8CFFE}"
EndProject
Global
	GlobalSection(SolutionConfigurationPlatforms) = preSolution
		Debug|Any CPU = Debug|Any CPU
		Release|Any CPU = Release|Any CPU
	EndGlobalSection
	GlobalSection(ProjectConfigurationPlatforms) = postSolution
		{0766FAC0-3728-48B7-899D-C022F96F40C0}.Debug|Any CPU.ActiveCfg = Debug|Any CPU
		{0766FAC0-3728-48B7-899D-C022F96F40C0}.Debug|Any CPU.Build.0 = Debug|Any CPU
		{0766FAC0-3728-48B7-899D-C022F96F40C0}.Release|Any CPU.ActiveCfg = Release|Any CPU
		{0766FAC0-3728-48B7-899D-C022F96F40C0}.Release|Any CPU.Build.0 = Release|Any CPU
		{A8A1B79C-9D0F-409C-A645-44810448840F}.Debug|Any CPU.ActiveCfg = Debug|Any CPU
		{A8A1B79C-9D0F-409C-A645-44810448840F}.Debug|Any CPU.Build.0 = Debug|Any CPU
		{A8A1B79C-9D0F-409C-A645-44810448840F}.Release|Any CPU.ActiveCfg = Release|Any CPU
		{A8A1B79C-9D0F-409C-A645-44810448840F}.Release|Any CPU.Build.0 = Release|Any CPU
		{44854722-5339-4271-A988-A45B22217D32}.Debug|Any CPU.ActiveCfg = Debug|Any CPU
		{44854722-5339-4271-A988-A45B22217D32}.Debug|Any CPU.Build.0 = Debug|Any CPU
		{44854722-5339-4271-A988-A45B22217D32}.Release|Any CPU.ActiveCfg = Release|Any CPU
		{44854722-5339-4271-A988-A45B22217D32}.Release|Any CPU.Build.0 = Release|Any CPU
		{DF789F74-D442-45AC-80EF-C9BDB1C7F28A}.Debug|Any CPU.ActiveCfg = Debug|Any CPU
		{DF789F74-D442-45AC-80EF-C9BDB1C7F28A}.Debug|Any CPU.Build.0 = Debug|Any CPU
		{DF789F74-D442-45AC-80EF-C9BDB1C7F28A}.Release|Any CPU.ActiveCfg = Release|Any CPU
		{DF789F74-D442-45AC-80EF-C9BDB1C7F28A}.Release|Any CPU.Build.0 = Release|Any CPU
		{1EA05758-DE9A-427B-BD62-40215A259053}.Debug|Any CPU.ActiveCfg = Debug|Any CPU
		{1EA05758-DE9A-427B-BD62-40215A259053}.Debug|Any CPU.Build.0 = Debug|Any CPU
		{1EA05758-DE9A-427B-BD62-40215A259053}.Release|Any CPU.ActiveCfg = Release|Any CPU
		{1EA05758-DE9A-427B-BD62-40215A259053}.Release|Any CPU.Build.0 = Release|Any CPU
		{E962C496-65DA-4B69-9842-88521AE8CFFE}.Debug|Any CPU.ActiveCfg = Debug|Any CPU
		{E962C496-65DA-4B69-9842-88521AE8CFFE}.Debug|Any CPU.Build.0 = Debug|Any CPU
		{E962C496-65DA-4B69-9842-88521AE8CFFE}.Release|Any CPU.ActiveCfg = Release|Any CPU
		{E962C496-65DA-4B69-9842-88521AE8CFFE}.Release|Any CPU.Build.0 = Release|Any CPU
	EndGlobalSection
	GlobalSection(SolutionProperties) = preSolution
		HideSolutionNode = FALSE
	EndGlobalSection
	GlobalSection(ExtensibilityGlobals) = postSolution
		SolutionGuid = {06B854EE-3613-462D-A318-9FA5B3666F0D}
	EndGlobalSection
EndGlobal
